// !$*UTF8*$!
{
	archiveVersion = 1;
	classes = {
	};
	objectVersion = 46;
	objects = {

/* Begin PBXBuildFile section */
		043A25101E19B1C8004E638F /* ViewController.swift in Sources */ = {isa = PBXBuildFile; fileRef = 043A250F1E19B1C8004E638F /* ViewController.swift */; };
		045DADF51E19A3E70009D234 /* ATHImagePickerTabBarController.swift in Sources */ = {isa = PBXBuildFile; fileRef = 045DADF41E19A3E70009D234 /* ATHImagePickerTabBarController.swift */; };
		048E218F1E187DEA00A83402 /* AppDelegate.swift in Sources */ = {isa = PBXBuildFile; fileRef = 048E218E1E187DEA00A83402 /* AppDelegate.swift */; };
		048E21941E187DEA00A83402 /* Main.storyboard in Resources */ = {isa = PBXBuildFile; fileRef = 048E21921E187DEA00A83402 /* Main.storyboard */; };
		048E21961E187DEA00A83402 /* Assets.xcassets in Resources */ = {isa = PBXBuildFile; fileRef = 048E21951E187DEA00A83402 /* Assets.xcassets */; };
		048E21991E187DEA00A83402 /* LaunchScreen.storyboard in Resources */ = {isa = PBXBuildFile; fileRef = 048E21971E187DEA00A83402 /* LaunchScreen.storyboard */; };
		04D92C1C1E1975C400D3F2FB /* ATHImagePickerController.swift in Sources */ = {isa = PBXBuildFile; fileRef = 04D92C1B1E1975C400D3F2FB /* ATHImagePickerController.swift */; };
		04D92C201E1977E200D3F2FB /* ATHImagePickerSelectionViewController.swift in Sources */ = {isa = PBXBuildFile; fileRef = 04D92C1F1E1977E200D3F2FB /* ATHImagePickerSelectionViewController.swift */; };
		04D92C221E1977F100D3F2FB /* ATHImagePickerPreviewViewController.swift in Sources */ = {isa = PBXBuildFile; fileRef = 04D92C211E1977F100D3F2FB /* ATHImagePickerPreviewViewController.swift */; };
		04D92C241E19781100D3F2FB /* ATHImagePickerAssetsViewController.swift in Sources */ = {isa = PBXBuildFile; fileRef = 04D92C231E19781100D3F2FB /* ATHImagePickerAssetsViewController.swift */; };
		04D92C281E19868A00D3F2FB /* ATHPhotoCell.swift in Sources */ = {isa = PBXBuildFile; fileRef = 04D92C271E19868A00D3F2FB /* ATHPhotoCell.swift */; };
		04D92C2C1E199BF600D3F2FB /* ATHImagePickerCaptureViewController.swift in Sources */ = {isa = PBXBuildFile; fileRef = 04D92C2B1E199BF600D3F2FB /* ATHImagePickerCaptureViewController.swift */; };
		9C1D374E04353CA7B7C1EEC7 /* Pods_ATHImagePickerController.framework in Frameworks */ = {isa = PBXBuildFile; fileRef = F0C48849A76438BDA1D0D5B9 /* Pods_ATHImagePickerController.framework */; };
/* End PBXBuildFile section */

/* Begin PBXFileReference section */
		043A250F1E19B1C8004E638F /* ViewController.swift */ = {isa = PBXFileReference; fileEncoding = 4; lastKnownFileType = sourcecode.swift; path = ViewController.swift; sourceTree = "<group>"; };
		045DADF41E19A3E70009D234 /* ATHImagePickerTabBarController.swift */ = {isa = PBXFileReference; fileEncoding = 4; lastKnownFileType = sourcecode.swift; path = ATHImagePickerTabBarController.swift; sourceTree = "<group>"; };
		048E218B1E187DEA00A83402 /* ATHImagePickerController.app */ = {isa = PBXFileReference; explicitFileType = wrapper.application; includeInIndex = 0; path = ATHImagePickerController.app; sourceTree = BUILT_PRODUCTS_DIR; };
		048E218E1E187DEA00A83402 /* AppDelegate.swift */ = {isa = PBXFileReference; lastKnownFileType = sourcecode.swift; path = AppDelegate.swift; sourceTree = "<group>"; };
		048E21931E187DEA00A83402 /* Base */ = {isa = PBXFileReference; lastKnownFileType = file.storyboard; name = Base; path = Base.lproj/Main.storyboard; sourceTree = "<group>"; };
		048E21951E187DEA00A83402 /* Assets.xcassets */ = {isa = PBXFileReference; lastKnownFileType = folder.assetcatalog; path = Assets.xcassets; sourceTree = "<group>"; };
		048E21981E187DEA00A83402 /* Base */ = {isa = PBXFileReference; lastKnownFileType = file.storyboard; name = Base; path = Base.lproj/LaunchScreen.storyboard; sourceTree = "<group>"; };
		048E219A1E187DEA00A83402 /* Info.plist */ = {isa = PBXFileReference; lastKnownFileType = text.plist.xml; path = Info.plist; sourceTree = "<group>"; };
		048E21A31E187DEA00A83402 /* ATHImagePickerControllerTests.swift */ = {isa = PBXFileReference; lastKnownFileType = sourcecode.swift; path = ATHImagePickerControllerTests.swift; sourceTree = "<group>"; };
		048E21A51E187DEA00A83402 /* Info.plist */ = {isa = PBXFileReference; lastKnownFileType = text.plist.xml; path = Info.plist; sourceTree = "<group>"; };
		04D92C1B1E1975C400D3F2FB /* ATHImagePickerController.swift */ = {isa = PBXFileReference; fileEncoding = 4; lastKnownFileType = sourcecode.swift; path = ATHImagePickerController.swift; sourceTree = "<group>"; };
		04D92C1F1E1977E200D3F2FB /* ATHImagePickerSelectionViewController.swift */ = {isa = PBXFileReference; fileEncoding = 4; lastKnownFileType = sourcecode.swift; path = ATHImagePickerSelectionViewController.swift; sourceTree = "<group>"; };
		04D92C211E1977F100D3F2FB /* ATHImagePickerPreviewViewController.swift */ = {isa = PBXFileReference; fileEncoding = 4; lastKnownFileType = sourcecode.swift; path = ATHImagePickerPreviewViewController.swift; sourceTree = "<group>"; };
		04D92C231E19781100D3F2FB /* ATHImagePickerAssetsViewController.swift */ = {isa = PBXFileReference; fileEncoding = 4; lastKnownFileType = sourcecode.swift; path = ATHImagePickerAssetsViewController.swift; sourceTree = "<group>"; };
		04D92C271E19868A00D3F2FB /* ATHPhotoCell.swift */ = {isa = PBXFileReference; fileEncoding = 4; lastKnownFileType = sourcecode.swift; path = ATHPhotoCell.swift; sourceTree = "<group>"; };
		04D92C2B1E199BF600D3F2FB /* ATHImagePickerCaptureViewController.swift */ = {isa = PBXFileReference; fileEncoding = 4; lastKnownFileType = sourcecode.swift; path = ATHImagePickerCaptureViewController.swift; sourceTree = "<group>"; };
		583CAE7BC9B7DF923C570E1D /* Pods_ATHImagePickerControllerTests.framework */ = {isa = PBXFileReference; explicitFileType = wrapper.framework; includeInIndex = 0; path = Pods_ATHImagePickerControllerTests.framework; sourceTree = BUILT_PRODUCTS_DIR; };
		832029FD224B1DC22257B143 /* Pods-ATHImagePickerController.debug.xcconfig */ = {isa = PBXFileReference; includeInIndex = 1; lastKnownFileType = text.xcconfig; name = "Pods-ATHImagePickerController.debug.xcconfig"; path = "Pods/Target Support Files/Pods-ATHImagePickerController/Pods-ATHImagePickerController.debug.xcconfig"; sourceTree = "<group>"; };
		8810FE84449F1675BADA3023 /* Pods-ATHImagePickerControllerTests.debug.xcconfig */ = {isa = PBXFileReference; includeInIndex = 1; lastKnownFileType = text.xcconfig; name = "Pods-ATHImagePickerControllerTests.debug.xcconfig"; path = "Pods/Target Support Files/Pods-ATHImagePickerControllerTests/Pods-ATHImagePickerControllerTests.debug.xcconfig"; sourceTree = "<group>"; };
		A99EC77C3DC91A113E83BF99 /* Pods-ATHImagePickerController.release.xcconfig */ = {isa = PBXFileReference; includeInIndex = 1; lastKnownFileType = text.xcconfig; name = "Pods-ATHImagePickerController.release.xcconfig"; path = "Pods/Target Support Files/Pods-ATHImagePickerController/Pods-ATHImagePickerController.release.xcconfig"; sourceTree = "<group>"; };
		F0C48849A76438BDA1D0D5B9 /* Pods_ATHImagePickerController.framework */ = {isa = PBXFileReference; explicitFileType = wrapper.framework; includeInIndex = 0; path = Pods_ATHImagePickerController.framework; sourceTree = BUILT_PRODUCTS_DIR; };
		F1E74B98DE4B47AC1F258397 /* Pods-ATHImagePickerControllerTests.release.xcconfig */ = {isa = PBXFileReference; includeInIndex = 1; lastKnownFileType = text.xcconfig; name = "Pods-ATHImagePickerControllerTests.release.xcconfig"; path = "Pods/Target Support Files/Pods-ATHImagePickerControllerTests/Pods-ATHImagePickerControllerTests.release.xcconfig"; sourceTree = "<group>"; };
/* End PBXFileReference section */

/* Begin PBXFrameworksBuildPhase section */
		048E21881E187DEA00A83402 /* Frameworks */ = {
			isa = PBXFrameworksBuildPhase;
			buildActionMask = 2147483647;
			files = (
				9C1D374E04353CA7B7C1EEC7 /* Pods_ATHImagePickerController.framework in Frameworks */,
			);
			runOnlyForDeploymentPostprocessing = 0;
		};
/* End PBXFrameworksBuildPhase section */

/* Begin PBXGroup section */
		048E21821E187DEA00A83402 = {
			isa = PBXGroup;
			children = (
				048E218D1E187DEA00A83402 /* ATHImagePickerController */,
				048E21A21E187DEA00A83402 /* ATHImagePickerControllerTests */,
				048E218C1E187DEA00A83402 /* Products */,
				C8EB605EB1082FD1A70FDD2D /* Pods */,
				5878BDC0017BF528FDF614DA /* Frameworks */,
			);
			sourceTree = "<group>";
		};
		048E218C1E187DEA00A83402 /* Products */ = {
			isa = PBXGroup;
			children = (
				048E218B1E187DEA00A83402 /* ATHImagePickerController.app */,
			);
			name = Products;
			sourceTree = "<group>";
		};
		048E218D1E187DEA00A83402 /* ATHImagePickerController */ = {
			isa = PBXGroup;
			children = (
				04D92C2A1E19870100D3F2FB /* Support */,
				04D92C251E19864800D3F2FB /* Views */,
				048E21AE1E1964E400A83402 /* Controllers */,
				048E218E1E187DEA00A83402 /* AppDelegate.swift */,
				043A250F1E19B1C8004E638F /* ViewController.swift */,
				048E21971E187DEA00A83402 /* LaunchScreen.storyboard */,
				048E219A1E187DEA00A83402 /* Info.plist */,
			);
			path = ATHImagePickerController;
			sourceTree = "<group>";
		};
		048E21A21E187DEA00A83402 /* ATHImagePickerControllerTests */ = {
			isa = PBXGroup;
			children = (
				048E21A31E187DEA00A83402 /* ATHImagePickerControllerTests.swift */,
				048E21A51E187DEA00A83402 /* Info.plist */,
			);
			path = ATHImagePickerControllerTests;
			sourceTree = "<group>";
		};
		048E21AE1E1964E400A83402 /* Controllers */ = {
			isa = PBXGroup;
			children = (
				04D92C1B1E1975C400D3F2FB /* ATHImagePickerController.swift */,
				045DADF41E19A3E70009D234 /* ATHImagePickerTabBarController.swift */,
				04D92C1F1E1977E200D3F2FB /* ATHImagePickerSelectionViewController.swift */,
				04D92C211E1977F100D3F2FB /* ATHImagePickerPreviewViewController.swift */,
				04D92C231E19781100D3F2FB /* ATHImagePickerAssetsViewController.swift */,
				04D92C2B1E199BF600D3F2FB /* ATHImagePickerCaptureViewController.swift */,
			);
			name = Controllers;
			sourceTree = "<group>";
		};
		04D92C251E19864800D3F2FB /* Views */ = {
			isa = PBXGroup;
			children = (
				04D92C291E1986EF00D3F2FB /* Storyboards */,
				04D92C261E19865000D3F2FB /* Cells */,
			);
			name = Views;
			sourceTree = "<group>";
		};
		04D92C261E19865000D3F2FB /* Cells */ = {
			isa = PBXGroup;
			children = (
				04D92C271E19868A00D3F2FB /* ATHPhotoCell.swift */,
			);
			name = Cells;
			sourceTree = "<group>";
		};
		04D92C291E1986EF00D3F2FB /* Storyboards */ = {
			isa = PBXGroup;
			children = (
				048E21921E187DEA00A83402 /* Main.storyboard */,
			);
			name = Storyboards;
			sourceTree = "<group>";
		};
		04D92C2A1E19870100D3F2FB /* Support */ = {
			isa = PBXGroup;
			children = (
				048E21951E187DEA00A83402 /* Assets.xcassets */,
			);
			name = Support;
			sourceTree = "<group>";
		};
		5878BDC0017BF528FDF614DA /* Frameworks */ = {
			isa = PBXGroup;
			children = (
				F0C48849A76438BDA1D0D5B9 /* Pods_ATHImagePickerController.framework */,
				583CAE7BC9B7DF923C570E1D /* Pods_ATHImagePickerControllerTests.framework */,
			);
			name = Frameworks;
			sourceTree = "<group>";
		};
		C8EB605EB1082FD1A70FDD2D /* Pods */ = {
			isa = PBXGroup;
			children = (
				832029FD224B1DC22257B143 /* Pods-ATHImagePickerController.debug.xcconfig */,
				A99EC77C3DC91A113E83BF99 /* Pods-ATHImagePickerController.release.xcconfig */,
				8810FE84449F1675BADA3023 /* Pods-ATHImagePickerControllerTests.debug.xcconfig */,
				F1E74B98DE4B47AC1F258397 /* Pods-ATHImagePickerControllerTests.release.xcconfig */,
			);
			name = Pods;
			sourceTree = "<group>";
		};
/* End PBXGroup section */

/* Begin PBXNativeTarget section */
		048E218A1E187DEA00A83402 /* ATHImagePickerController */ = {
			isa = PBXNativeTarget;
			buildConfigurationList = 048E21A81E187DEA00A83402 /* Build configuration list for PBXNativeTarget "ATHImagePickerController" */;
			buildPhases = (
				7516EF60052864952C0A812F /* 📦 Check Pods Manifest.lock */,
				048E21871E187DEA00A83402 /* Sources */,
				048E21881E187DEA00A83402 /* Frameworks */,
				048E21891E187DEA00A83402 /* Resources */,
				EF6E8C607272F8D7E7D56128 /* 📦 Embed Pods Frameworks */,
				BD6F6AB39AF05D3F4E837E28 /* 📦 Copy Pods Resources */,
			);
			buildRules = (
			);
			dependencies = (
			);
			name = ATHImagePickerController;
			productName = ATHImagePickerController;
			productReference = 048E218B1E187DEA00A83402 /* ATHImagePickerController.app */;
			productType = "com.apple.product-type.application";
		};
/* End PBXNativeTarget section */

/* Begin PBXProject section */
		048E21831E187DEA00A83402 /* Project object */ = {
			isa = PBXProject;
			attributes = {
				LastSwiftUpdateCheck = 0820;
				LastUpgradeCheck = 0820;
				ORGANIZATIONNAME = "Athlee LLC";
				TargetAttributes = {
					048E218A1E187DEA00A83402 = {
						CreatedOnToolsVersion = 8.2.1;
						DevelopmentTeam = RG4N372RZE;
						LastSwiftMigration = 0820;
						ProvisioningStyle = Automatic;
					};
				};
			};
			buildConfigurationList = 048E21861E187DEA00A83402 /* Build configuration list for PBXProject "ATHImagePickerController" */;
			compatibilityVersion = "Xcode 3.2";
			developmentRegion = English;
			hasScannedForEncodings = 0;
			knownRegions = (
				en,
				Base,
			);
			mainGroup = 048E21821E187DEA00A83402;
			productRefGroup = 048E218C1E187DEA00A83402 /* Products */;
			projectDirPath = "";
			projectRoot = "";
			targets = (
				048E218A1E187DEA00A83402 /* ATHImagePickerController */,
			);
		};
/* End PBXProject section */

/* Begin PBXResourcesBuildPhase section */
		048E21891E187DEA00A83402 /* Resources */ = {
			isa = PBXResourcesBuildPhase;
			buildActionMask = 2147483647;
			files = (
				048E21991E187DEA00A83402 /* LaunchScreen.storyboard in Resources */,
				048E21961E187DEA00A83402 /* Assets.xcassets in Resources */,
				048E21941E187DEA00A83402 /* Main.storyboard in Resources */,
			);
			runOnlyForDeploymentPostprocessing = 0;
		};
/* End PBXResourcesBuildPhase section */

/* Begin PBXShellScriptBuildPhase section */
		7516EF60052864952C0A812F /* 📦 Check Pods Manifest.lock */ = {
			isa = PBXShellScriptBuildPhase;
			buildActionMask = 2147483647;
			files = (
			);
			inputPaths = (
			);
			name = "📦 Check Pods Manifest.lock";
			outputPaths = (
			);
			runOnlyForDeploymentPostprocessing = 0;
			shellPath = /bin/sh;
			shellScript = "diff \"${PODS_ROOT}/../Podfile.lock\" \"${PODS_ROOT}/Manifest.lock\" > /dev/null\nif [[ $? != 0 ]] ; then\n    cat << EOM\nerror: The sandbox is not in sync with the Podfile.lock. Run 'pod install' or update your CocoaPods installation.\nEOM\n    exit 1\nfi\n";
			showEnvVarsInLog = 0;
		};
		BD6F6AB39AF05D3F4E837E28 /* 📦 Copy Pods Resources */ = {
			isa = PBXShellScriptBuildPhase;
			buildActionMask = 2147483647;
			files = (
			);
			inputPaths = (
			);
			name = "📦 Copy Pods Resources";
			outputPaths = (
			);
			runOnlyForDeploymentPostprocessing = 0;
			shellPath = /bin/sh;
			shellScript = "\"${SRCROOT}/Pods/Target Support Files/Pods-ATHImagePickerController/Pods-ATHImagePickerController-resources.sh\"\n";
			showEnvVarsInLog = 0;
		};
		EF6E8C607272F8D7E7D56128 /* 📦 Embed Pods Frameworks */ = {
			isa = PBXShellScriptBuildPhase;
			buildActionMask = 2147483647;
			files = (
			);
			inputPaths = (
			);
			name = "📦 Embed Pods Frameworks";
			outputPaths = (
			);
			runOnlyForDeploymentPostprocessing = 0;
			shellPath = /bin/sh;
			shellScript = "\"${SRCROOT}/Pods/Target Support Files/Pods-ATHImagePickerController/Pods-ATHImagePickerController-frameworks.sh\"\n";
			showEnvVarsInLog = 0;
		};
/* End PBXShellScriptBuildPhase section */

/* Begin PBXSourcesBuildPhase section */
		048E21871E187DEA00A83402 /* Sources */ = {
			isa = PBXSourcesBuildPhase;
			buildActionMask = 2147483647;
			files = (
				04D92C1C1E1975C400D3F2FB /* ATHImagePickerController.swift in Sources */,
				04D92C241E19781100D3F2FB /* ATHImagePickerAssetsViewController.swift in Sources */,
				04D92C201E1977E200D3F2FB /* ATHImagePickerSelectionViewController.swift in Sources */,
				043A25101E19B1C8004E638F /* ViewController.swift in Sources */,
				04D92C281E19868A00D3F2FB /* ATHPhotoCell.swift in Sources */,
				04D92C2C1E199BF600D3F2FB /* ATHImagePickerCaptureViewController.swift in Sources */,
				045DADF51E19A3E70009D234 /* ATHImagePickerTabBarController.swift in Sources */,
				048E218F1E187DEA00A83402 /* AppDelegate.swift in Sources */,
				04D92C221E1977F100D3F2FB /* ATHImagePickerPreviewViewController.swift in Sources */,
			);
			runOnlyForDeploymentPostprocessing = 0;
		};
/* End PBXSourcesBuildPhase section */

/* Begin PBXVariantGroup section */
		048E21921E187DEA00A83402 /* Main.storyboard */ = {
			isa = PBXVariantGroup;
			children = (
				048E21931E187DEA00A83402 /* Base */,
			);
			name = Main.storyboard;
			sourceTree = "<group>";
		};
		048E21971E187DEA00A83402 /* LaunchScreen.storyboard */ = {
			isa = PBXVariantGroup;
			children = (
				048E21981E187DEA00A83402 /* Base */,
			);
			name = LaunchScreen.storyboard;
			sourceTree = "<group>";
		};
/* End PBXVariantGroup section */

/* Begin XCBuildConfiguration section */
		048E21A61E187DEA00A83402 /* Debug */ = {
			isa = XCBuildConfiguration;
			buildSettings = {
				ALWAYS_SEARCH_USER_PATHS = NO;
				CLANG_ANALYZER_NONNULL = YES;
				CLANG_CXX_LANGUAGE_STANDARD = "gnu++0x";
				CLANG_CXX_LIBRARY = "libc++";
				CLANG_ENABLE_MODULES = YES;
				CLANG_ENABLE_OBJC_ARC = YES;
				CLANG_WARN_BOOL_CONVERSION = YES;
				CLANG_WARN_CONSTANT_CONVERSION = YES;
				CLANG_WARN_DIRECT_OBJC_ISA_USAGE = YES_ERROR;
				CLANG_WARN_DOCUMENTATION_COMMENTS = YES;
				CLANG_WARN_EMPTY_BODY = YES;
				CLANG_WARN_ENUM_CONVERSION = YES;
				CLANG_WARN_INFINITE_RECURSION = YES;
				CLANG_WARN_INT_CONVERSION = YES;
				CLANG_WARN_OBJC_ROOT_CLASS = YES_ERROR;
				CLANG_WARN_SUSPICIOUS_MOVE = YES;
				CLANG_WARN_UNREACHABLE_CODE = YES;
				CLANG_WARN__DUPLICATE_METHOD_MATCH = YES;
				"CODE_SIGN_IDENTITY[sdk=iphoneos*]" = "iPhone Developer";
				COPY_PHASE_STRIP = NO;
				DEBUG_INFORMATION_FORMAT = dwarf;
				ENABLE_STRICT_OBJC_MSGSEND = YES;
				ENABLE_TESTABILITY = YES;
				GCC_C_LANGUAGE_STANDARD = gnu99;
				GCC_DYNAMIC_NO_PIC = NO;
				GCC_NO_COMMON_BLOCKS = YES;
				GCC_OPTIMIZATION_LEVEL = 0;
				GCC_PREPROCESSOR_DEFINITIONS = (
					"DEBUG=1",
					"$(inherited)",
				);
				GCC_WARN_64_TO_32_BIT_CONVERSION = YES;
				GCC_WARN_ABOUT_RETURN_TYPE = YES_ERROR;
				GCC_WARN_UNDECLARED_SELECTOR = YES;
				GCC_WARN_UNINITIALIZED_AUTOS = YES_AGGRESSIVE;
				GCC_WARN_UNUSED_FUNCTION = YES;
				GCC_WARN_UNUSED_VARIABLE = YES;
				IPHONEOS_DEPLOYMENT_TARGET = 10.2;
				MTL_ENABLE_DEBUG_INFO = YES;
				ONLY_ACTIVE_ARCH = YES;
				SDKROOT = iphoneos;
				SWIFT_ACTIVE_COMPILATION_CONDITIONS = DEBUG;
				SWIFT_OPTIMIZATION_LEVEL = "-Onone";
				TARGETED_DEVICE_FAMILY = "1,2";
			};
			name = Debug;
		};
		048E21A71E187DEA00A83402 /* Release */ = {
			isa = XCBuildConfiguration;
			buildSettings = {
				ALWAYS_SEARCH_USER_PATHS = NO;
				CLANG_ANALYZER_NONNULL = YES;
				CLANG_CXX_LANGUAGE_STANDARD = "gnu++0x";
				CLANG_CXX_LIBRARY = "libc++";
				CLANG_ENABLE_MODULES = YES;
				CLANG_ENABLE_OBJC_ARC = YES;
				CLANG_WARN_BOOL_CONVERSION = YES;
				CLANG_WARN_CONSTANT_CONVERSION = YES;
				CLANG_WARN_DIRECT_OBJC_ISA_USAGE = YES_ERROR;
				CLANG_WARN_DOCUMENTATION_COMMENTS = YES;
				CLANG_WARN_EMPTY_BODY = YES;
				CLANG_WARN_ENUM_CONVERSION = YES;
				CLANG_WARN_INFINITE_RECURSION = YES;
				CLANG_WARN_INT_CONVERSION = YES;
				CLANG_WARN_OBJC_ROOT_CLASS = YES_ERROR;
				CLANG_WARN_SUSPICIOUS_MOVE = YES;
				CLANG_WARN_UNREACHABLE_CODE = YES;
				CLANG_WARN__DUPLICATE_METHOD_MATCH = YES;
				"CODE_SIGN_IDENTITY[sdk=iphoneos*]" = "iPhone Developer";
				COPY_PHASE_STRIP = NO;
				DEBUG_INFORMATION_FORMAT = "dwarf-with-dsym";
				ENABLE_NS_ASSERTIONS = NO;
				ENABLE_STRICT_OBJC_MSGSEND = YES;
				GCC_C_LANGUAGE_STANDARD = gnu99;
				GCC_NO_COMMON_BLOCKS = YES;
				GCC_WARN_64_TO_32_BIT_CONVERSION = YES;
				GCC_WARN_ABOUT_RETURN_TYPE = YES_ERROR;
				GCC_WARN_UNDECLARED_SELECTOR = YES;
				GCC_WARN_UNINITIALIZED_AUTOS = YES_AGGRESSIVE;
				GCC_WARN_UNUSED_FUNCTION = YES;
				GCC_WARN_UNUSED_VARIABLE = YES;
				IPHONEOS_DEPLOYMENT_TARGET = 10.2;
				MTL_ENABLE_DEBUG_INFO = NO;
				SDKROOT = iphoneos;
				SWIFT_OPTIMIZATION_LEVEL = "-Owholemodule";
				TARGETED_DEVICE_FAMILY = "1,2";
				VALIDATE_PRODUCT = YES;
			};
			name = Release;
		};
		048E21A91E187DEA00A83402 /* Debug */ = {
			isa = XCBuildConfiguration;
			baseConfigurationReference = 832029FD224B1DC22257B143 /* Pods-ATHImagePickerController.debug.xcconfig */;
			buildSettings = {
				ASSETCATALOG_COMPILER_APPICON_NAME = AppIcon;
				DEVELOPMENT_TEAM = RG4N372RZE;
				INFOPLIST_FILE = ATHImagePickerController/Info.plist;
				LD_RUNPATH_SEARCH_PATHS = "$(inherited) @executable_path/Frameworks";
				PRODUCT_BUNDLE_IDENTIFIER = com.athlee.ATHImagePickerController;
				PRODUCT_NAME = "$(TARGET_NAME)";
				SWIFT_VERSION = 3.0;
			};
			name = Debug;
		};
		048E21AA1E187DEA00A83402 /* Release */ = {
			isa = XCBuildConfiguration;
			baseConfigurationReference = A99EC77C3DC91A113E83BF99 /* Pods-ATHImagePickerController.release.xcconfig */;
			buildSettings = {
				ASSETCATALOG_COMPILER_APPICON_NAME = AppIcon;
				DEVELOPMENT_TEAM = RG4N372RZE;
				INFOPLIST_FILE = ATHImagePickerController/Info.plist;
				LD_RUNPATH_SEARCH_PATHS = "$(inherited) @executable_path/Frameworks";
				PRODUCT_BUNDLE_IDENTIFIER = com.athlee.ATHImagePickerController;
				PRODUCT_NAME = "$(TARGET_NAME)";
				SWIFT_VERSION = 3.0;
			};
			name = Release;
		};
/* End XCBuildConfiguration section */

/* Begin XCConfigurationList section */
		048E21861E187DEA00A83402 /* Build configuration list for PBXProject "ATHImagePickerController" */ = {
			isa = XCConfigurationList;
			buildConfigurations = (
				048E21A61E187DEA00A83402 /* Debug */,
				048E21A71E187DEA00A83402 /* Release */,
			);
			defaultConfigurationIsVisible = 0;
			defaultConfigurationName = Release;
		};
		048E21A81E187DEA00A83402 /* Build configuration list for PBXNativeTarget "ATHImagePickerController" */ = {
			isa = XCConfigurationList;
			buildConfigurations = (
				048E21A91E187DEA00A83402 /* Debug */,
				048E21AA1E187DEA00A83402 /* Release */,
			);
			defaultConfigurationIsVisible = 0;
			defaultConfigurationName = Release;
		};
/* End XCConfigurationList section */
	};
	rootObject = 048E21831E187DEA00A83402 /* Project object */;
}
